
Microsoft Visual Studio Solution File, Format Version 12.00
# Visual Studio Version 16
VisualStudioVersion = 16.0.29609.76
MinimumVisualStudioVersion = 10.0.40219.1
Project("{FAE04EC0-301F-11D3-BF4B-00C04F79EFBC}") = "AdminBSB", "AdminBSB\AdminBSB.csproj", "{0986B56D-1C2E-494F-984E-78DE3B13890C}"
EndProject
Global
	GlobalSection(SolutionConfigurationPlatforms) = preSolution
		Debug|Any CPU = Debug|Any CPU
		Release|Any CPU = Release|Any CPU
	EndGlobalSection
	GlobalSection(ProjectConfigurationPlatforms) = postSolution
		{0986B56D-1C2E-494F-984E-78DE3B13890C}.Debug|Any CPU.ActiveCfg = Debug|Any CPU
		{0986B56D-1C2E-494F-984E-78DE3B13890C}.Debug|Any CPU.Build.0 = Debug|Any CPU
		{0986B56D-1C2E-494F-984E-78DE3B13890C}.Release|Any CPU.ActiveCfg = Release|Any CPU
		{0986B56D-1C2E-494F-984E-78DE3B13890C}.Release|Any CPU.Build.0 = Release|Any CPU
	EndGlobalSection
	GlobalSection(SolutionProperties) = preSolution
		HideSolutionNode = FALSE
	EndGlobalSection
	GlobalSection(ExtensibilityGlobals) = postSolution
		SolutionGuid = {4B3C6D90-B353-4FBC-BF7A-AB4ABBA13608}
	EndGlobalSection
EndGlobal
